
Microsoft Visual Studio Solution File, Format Version 12.00
# Visual Studio Version 17
VisualStudioVersion = 17.2.32630.192
MinimumVisualStudioVersion = 10.0.40219.1
Project("{FAE04EC0-301F-11D3-BF4B-00C04F79EFBC}") = "AppMvcBasica", "AppMvcBasica.csproj", "{009652BF-68E9-4A5E-A9AF-775C830AC7B8}"
EndProject
Global
	GlobalSection(SolutionConfigurationPlatforms) = preSolution
		Debug|Any CPU = Debug|Any CPU
		Release|Any CPU = Release|Any CPU
	EndGlobalSection
	GlobalSection(ProjectConfigurationPlatforms) = postSolution
		{009652BF-68E9-4A5E-A9AF-775C830AC7B8}.Debug|Any CPU.ActiveCfg = Debug|Any CPU
		{009652BF-68E9-4A5E-A9AF-775C830AC7B8}.Debug|Any CPU.Build.0 = Debug|Any CPU
		{009652BF-68E9-4A5E-A9AF-775C830AC7B8}.Release|Any CPU.ActiveCfg = Release|Any CPU
		{009652BF-68E9-4A5E-A9AF-775C830AC7B8}.Release|Any CPU.Build.0 = Release|Any CPU
	EndGlobalSection
	GlobalSection(SolutionProperties) = preSolution
		HideSolutionNode = FALSE
	EndGlobalSection
	GlobalSection(ExtensibilityGlobals) = postSolution
		SolutionGuid = {8C995F4F-288C-48F2-A9F4-9575EEA0469E}
	EndGlobalSection
EndGlobal
